// !$*UTF8*$!
{
	archiveVersion = 1;
	classes = {
	};
	objectVersion = 55;
	objects = {

/* Begin PBXBuildFile section */
		89BCED062732A5A40053E497 /* Assets.xcassets in Resources */ = {isa = PBXBuildFile; fileRef = 89BCED052732A5A40053E497 /* Assets.xcassets */; };
		89BCED092732A5A40053E497 /* Preview Assets.xcassets in Resources */ = {isa = PBXBuildFile; fileRef = 89BCED082732A5A40053E497 /* Preview Assets.xcassets */; };
		89BCED162732A5D90053E497 /* EmojiArt.swift in Sources */ = {isa = PBXBuildFile; fileRef = 89BCED152732A5D90053E497 /* EmojiArt.swift */; };
		89BCED182732A5F20053E497 /* EmojiArtApp.swift in Sources */ = {isa = PBXBuildFile; fileRef = 89BCED172732A5F20053E497 /* EmojiArtApp.swift */; };
		89BCED1A2732A5FB0053E497 /* EmojiArtDocument.swift in Sources */ = {isa = PBXBuildFile; fileRef = 89BCED192732A5FB0053E497 /* EmojiArtDocument.swift */; };
		89BCED1C2732A5FE0053E497 /* EmojiArtModel.Background.swift in Sources */ = {isa = PBXBuildFile; fileRef = 89BCED1B2732A5FE0053E497 /* EmojiArtModel.Background.swift */; };
		89BCED1E2732A6010053E497 /* UtilityExtentions.swift in Sources */ = {isa = PBXBuildFile; fileRef = 89BCED1D2732A6010053E497 /* UtilityExtentions.swift */; };
		89BCED202732A6A50053E497 /* Contents.json in Resources */ = {isa = PBXBuildFile; fileRef = 89BCED1F2732A6A50053E497 /* Contents.json */; };
		89BCED242732A7590053E497 /* EmojiArtDocumentView.swift in Sources */ = {isa = PBXBuildFile; fileRef = 89BCED232732A7590053E497 /* EmojiArtDocumentView.swift */; };
		89BCED262732A75D0053E497 /* UtilityViews.swift in Sources */ = {isa = PBXBuildFile; fileRef = 89BCED252732A75D0053E497 /* UtilityViews.swift */; };
		89BCED282732A7620053E497 /* ScrollingEmojiView.swift in Sources */ = {isa = PBXBuildFile; fileRef = 89BCED272732A7620053E497 /* ScrollingEmojiView.swift */; };
		89BCED2A27331B380053E497 /* PaletteStore.swift in Sources */ = {isa = PBXBuildFile; fileRef = 89BCED2927331B380053E497 /* PaletteStore.swift */; };
		89BE1F4927345EEF0088F779 /* PaletteChooser.swift in Sources */ = {isa = PBXBuildFile; fileRef = 89BE1F4827345EEF0088F779 /* PaletteChooser.swift */; };
		89BE1F4C27346CAA0088F779 /* PaletteEditor.swift in Sources */ = {isa = PBXBuildFile; fileRef = 89BE1F4B27346CAA0088F779 /* PaletteEditor.swift */; };
		89BE1F4E27347D960088F779 /* PaletteManager.swift in Sources */ = {isa = PBXBuildFile; fileRef = 89BE1F4D27347D960088F779 /* PaletteManager.swift */; };
/* End PBXBuildFile section */

/* Begin PBXFileReference section */
		89BCECFE2732A5A30053E497 /* EmojiArt.app */ = {isa = PBXFileReference; explicitFileType = wrapper.application; includeInIndex = 0; path = EmojiArt.app; sourceTree = BUILT_PRODUCTS_DIR; };
		89BCED052732A5A40053E497 /* Assets.xcassets */ = {isa = PBXFileReference; lastKnownFileType = folder.assetcatalog; path = Assets.xcassets; sourceTree = "<group>"; };
		89BCED082732A5A40053E497 /* Preview Assets.xcassets */ = {isa = PBXFileReference; lastKnownFileType = folder.assetcatalog; path = "Preview Assets.xcassets"; sourceTree = "<group>"; };
		89BCED152732A5D90053E497 /* EmojiArt.swift */ = {isa = PBXFileReference; fileEncoding = 4; lastKnownFileType = sourcecode.swift; path = EmojiArt.swift; sourceTree = "<group>"; };
		89BCED172732A5F20053E497 /* EmojiArtApp.swift */ = {isa = PBXFileReference; fileEncoding = 4; lastKnownFileType = sourcecode.swift; path = EmojiArtApp.swift; sourceTree = "<group>"; };
		89BCED192732A5FB0053E497 /* EmojiArtDocument.swift */ = {isa = PBXFileReference; fileEncoding = 4; lastKnownFileType = sourcecode.swift; path = EmojiArtDocument.swift; sourceTree = "<group>"; };
		89BCED1B2732A5FE0053E497 /* EmojiArtModel.Background.swift */ = {isa = PBXFileReference; fileEncoding = 4; lastKnownFileType = sourcecode.swift; path = EmojiArtModel.Background.swift; sourceTree = "<group>"; };
		89BCED1D2732A6010053E497 /* UtilityExtentions.swift */ = {isa = PBXFileReference; fileEncoding = 4; lastKnownFileType = sourcecode.swift; path = UtilityExtentions.swift; sourceTree = "<group>"; };
		89BCED1F2732A6A50053E497 /* Contents.json */ = {isa = PBXFileReference; fileEncoding = 4; lastKnownFileType = text.json; path = Contents.json; sourceTree = "<group>"; };
		89BCED232732A7590053E497 /* EmojiArtDocumentView.swift */ = {isa = PBXFileReference; fileEncoding = 4; lastKnownFileType = sourcecode.swift; path = EmojiArtDocumentView.swift; sourceTree = "<group>"; };
		89BCED252732A75D0053E497 /* UtilityViews.swift */ = {isa = PBXFileReference; fileEncoding = 4; lastKnownFileType = sourcecode.swift; path = UtilityViews.swift; sourceTree = "<group>"; };
		89BCED272732A7620053E497 /* ScrollingEmojiView.swift */ = {isa = PBXFileReference; fileEncoding = 4; lastKnownFileType = sourcecode.swift; path = ScrollingEmojiView.swift; sourceTree = "<group>"; };
		89BCED2927331B380053E497 /* PaletteStore.swift */ = {isa = PBXFileReference; lastKnownFileType = sourcecode.swift; path = PaletteStore.swift; sourceTree = "<group>"; };
		89BE1F4827345EEF0088F779 /* PaletteChooser.swift */ = {isa = PBXFileReference; lastKnownFileType = sourcecode.swift; path = PaletteChooser.swift; sourceTree = "<group>"; };
		89BE1F4B27346CAA0088F779 /* PaletteEditor.swift */ = {isa = PBXFileReference; lastKnownFileType = sourcecode.swift; path = PaletteEditor.swift; sourceTree = "<group>"; };
		89BE1F4D27347D960088F779 /* PaletteManager.swift */ = {isa = PBXFileReference; lastKnownFileType = sourcecode.swift; path = PaletteManager.swift; sourceTree = "<group>"; };
/* End PBXFileReference section */

/* Begin PBXFrameworksBuildPhase section */
		89BCECFB2732A5A30053E497 /* Frameworks */ = {
			isa = PBXFrameworksBuildPhase;
			buildActionMask = 2147483647;
			files = (
			);
			runOnlyForDeploymentPostprocessing = 0;
		};
/* End PBXFrameworksBuildPhase section */

/* Begin PBXGroup section */
		89BCECF52732A5A30053E497 = {
			isa = PBXGroup;
			children = (
				89BCED002732A5A30053E497 /* EmojiArt */,
				89BCECFF2732A5A30053E497 /* Products */,
			);
			sourceTree = "<group>";
		};
		89BCECFF2732A5A30053E497 /* Products */ = {
			isa = PBXGroup;
			children = (
				89BCECFE2732A5A30053E497 /* EmojiArt.app */,
			);
			name = Products;
			sourceTree = "<group>";
		};
		89BCED002732A5A30053E497 /* EmojiArt */ = {
			isa = PBXGroup;
			children = (
				89BE1F4A273462B90088F779 /* Views */,
				89BCED152732A5D90053E497 /* EmojiArt.swift */,
				89BCED1B2732A5FE0053E497 /* EmojiArtModel.Background.swift */,
				89BCED192732A5FB0053E497 /* EmojiArtDocument.swift */,
				89BCED1D2732A6010053E497 /* UtilityExtentions.swift */,
				89BCED172732A5F20053E497 /* EmojiArtApp.swift */,
				89BCED2927331B380053E497 /* PaletteStore.swift */,
				89BCED052732A5A40053E497 /* Assets.xcassets */,
				89BCED072732A5A40053E497 /* Preview Content */,
			);
			path = EmojiArt;
			sourceTree = "<group>";
		};
		89BCED072732A5A40053E497 /* Preview Content */ = {
			isa = PBXGroup;
			children = (
				89BCED082732A5A40053E497 /* Preview Assets.xcassets */,
				89BCED1F2732A6A50053E497 /* Contents.json */,
			);
			path = "Preview Content";
			sourceTree = "<group>";
		};
		89BE1F4A273462B90088F779 /* Views */ = {
			isa = PBXGroup;
			children = (
				89BE1F4827345EEF0088F779 /* PaletteChooser.swift */,
				89BCED272732A7620053E497 /* ScrollingEmojiView.swift */,
				89BCED232732A7590053E497 /* EmojiArtDocumentView.swift */,
				89BCED252732A75D0053E497 /* UtilityViews.swift */,
				89BE1F4B27346CAA0088F779 /* PaletteEditor.swift */,
				89BE1F4D27347D960088F779 /* PaletteManager.swift */,
			);
			path = Views;
			sourceTree = "<group>";
		};
/* End PBXGroup section */

/* Begin PBXNativeTarget section */
		89BCECFD2732A5A30053E497 /* EmojiArt */ = {
			isa = PBXNativeTarget;
			buildConfigurationList = 89BCED0C2732A5A40053E497 /* Build configuration list for PBXNativeTarget "EmojiArt" */;
			buildPhases = (
				89BCECFA2732A5A30053E497 /* Sources */,
				89BCECFB2732A5A30053E497 /* Frameworks */,
				89BCECFC2732A5A30053E497 /* Resources */,
			);
			buildRules = (
			);
			dependencies = (
			);
			name = EmojiArt;
			productName = EmojiArt;
			productReference = 89BCECFE2732A5A30053E497 /* EmojiArt.app */;
			productType = "com.apple.product-type.application";
		};
/* End PBXNativeTarget section */

/* Begin PBXProject section */
		89BCECF62732A5A30053E497 /* Project object */ = {
			isa = PBXProject;
			attributes = {
				BuildIndependentTargetsInParallel = 1;
				LastSwiftUpdateCheck = 1310;
				LastUpgradeCheck = 1310;
				TargetAttributes = {
					89BCECFD2732A5A30053E497 = {
						CreatedOnToolsVersion = 13.1;
					};
				};
			};
			buildConfigurationList = 89BCECF92732A5A30053E497 /* Build configuration list for PBXProject "EmojiArt" */;
			compatibilityVersion = "Xcode 13.0";
			developmentRegion = en;
			hasScannedForEncodings = 0;
			knownRegions = (
				en,
				Base,
			);
			mainGroup = 89BCECF52732A5A30053E497;
			productRefGroup = 89BCECFF2732A5A30053E497 /* Products */;
			projectDirPath = "";
			projectRoot = "";
			targets = (
				89BCECFD2732A5A30053E497 /* EmojiArt */,
			);
		};
/* End PBXProject section */

/* Begin PBXResourcesBuildPhase section */
		89BCECFC2732A5A30053E497 /* Resources */ = {
			isa = PBXResourcesBuildPhase;
			buildActionMask = 2147483647;
			files = (
				89BCED092732A5A40053E497 /* Preview Assets.xcassets in Resources */,
				89BCED062732A5A40053E497 /* Assets.xcassets in Resources */,
				89BCED202732A6A50053E497 /* Contents.json in Resources */,
			);
			runOnlyForDeploymentPostprocessing = 0;
		};
/* End PBXResourcesBuildPhase section */

/* Begin PBXSourcesBuildPhase section */
		89BCECFA2732A5A30053E497 /* Sources */ = {
			isa = PBXSourcesBuildPhase;
			buildActionMask = 2147483647;
			files = (
				89BCED262732A75D0053E497 /* UtilityViews.swift in Sources */,
				89BCED182732A5F20053E497 /* EmojiArtApp.swift in Sources */,
				89BCED1A2732A5FB0053E497 /* EmojiArtDocument.swift in Sources */,
				89BCED242732A7590053E497 /* EmojiArtDocumentView.swift in Sources */,
				89BCED2A27331B380053E497 /* PaletteStore.swift in Sources */,
				89BE1F4E27347D960088F779 /* PaletteManager.swift in Sources */,
				89BCED162732A5D90053E497 /* EmojiArt.swift in Sources */,
				89BE1F4C27346CAA0088F779 /* PaletteEditor.swift in Sources */,
				89BCED1E2732A6010053E497 /* UtilityExtentions.swift in Sources */,
				89BCED1C2732A5FE0053E497 /* EmojiArtModel.Background.swift in Sources */,
				89BCED282732A7620053E497 /* ScrollingEmojiView.swift in Sources */,
				89BE1F4927345EEF0088F779 /* PaletteChooser.swift in Sources */,
			);
			runOnlyForDeploymentPostprocessing = 0;
		};
/* End PBXSourcesBuildPhase section */

/* Begin XCBuildConfiguration section */
		89BCED0A2732A5A40053E497 /* Debug */ = {
			isa = XCBuildConfiguration;
			buildSettings = {
				ALWAYS_SEARCH_USER_PATHS = NO;
				CLANG_ANALYZER_NONNULL = YES;
				CLANG_ANALYZER_NUMBER_OBJECT_CONVERSION = YES_AGGRESSIVE;
				CLANG_CXX_LANGUAGE_STANDARD = "gnu++17";
				CLANG_CXX_LIBRARY = "libc++";
				CLANG_ENABLE_MODULES = YES;
				CLANG_ENABLE_OBJC_ARC = YES;
				CLANG_ENABLE_OBJC_WEAK = YES;
				CLANG_WARN_BLOCK_CAPTURE_AUTORELEASING = YES;
				CLANG_WARN_BOOL_CONVERSION = YES;
				CLANG_WARN_COMMA = YES;
				CLANG_WARN_CONSTANT_CONVERSION = YES;
				CLANG_WARN_DEPRECATED_OBJC_IMPLEMENTATIONS = YES;
				CLANG_WARN_DIRECT_OBJC_ISA_USAGE = YES_ERROR;
				CLANG_WARN_DOCUMENTATION_COMMENTS = YES;
				CLANG_WARN_EMPTY_BODY = YES;
				CLANG_WARN_ENUM_CONVERSION = YES;
				CLANG_WARN_INFINITE_RECURSION = YES;
				CLANG_WARN_INT_CONVERSION = YES;
				CLANG_WARN_NON_LITERAL_NULL_CONVERSION = YES;
				CLANG_WARN_OBJC_IMPLICIT_RETAIN_SELF = YES;
				CLANG_WARN_OBJC_LITERAL_CONVERSION = YES;
				CLANG_WARN_OBJC_ROOT_CLASS = YES_ERROR;
				CLANG_WARN_QUOTED_INCLUDE_IN_FRAMEWORK_HEADER = YES;
				CLANG_WARN_RANGE_LOOP_ANALYSIS = YES;
				CLANG_WARN_STRICT_PROTOTYPES = YES;
				CLANG_WARN_SUSPICIOUS_MOVE = YES;
				CLANG_WARN_UNGUARDED_AVAILABILITY = YES_AGGRESSIVE;
				CLANG_WARN_UNREACHABLE_CODE = YES;
				CLANG_WARN__DUPLICATE_METHOD_MATCH = YES;
				COPY_PHASE_STRIP = NO;
				DEBUG_INFORMATION_FORMAT = dwarf;
				ENABLE_STRICT_OBJC_MSGSEND = YES;
				ENABLE_TESTABILITY = YES;
				GCC_C_LANGUAGE_STANDARD = gnu11;
				GCC_DYNAMIC_NO_PIC = NO;
				GCC_NO_COMMON_BLOCKS = YES;
				GCC_OPTIMIZATION_LEVEL = 0;
				GCC_PREPROCESSOR_DEFINITIONS = (
					"DEBUG=1",
					"$(inherited)",
				);
				GCC_WARN_64_TO_32_BIT_CONVERSION = YES;
				GCC_WARN_ABOUT_RETURN_TYPE = YES_ERROR;
				GCC_WARN_UNDECLARED_SELECTOR = YES;
				GCC_WARN_UNINITIALIZED_AUTOS = YES_AGGRESSIVE;
				GCC_WARN_UNUSED_FUNCTION = YES;
				GCC_WARN_UNUSED_VARIABLE = YES;
				IPHONEOS_DEPLOYMENT_TARGET = 15.0;
				MTL_ENABLE_DEBUG_INFO = INCLUDE_SOURCE;
				MTL_FAST_MATH = YES;
				ONLY_ACTIVE_ARCH = YES;
				SDKROOT = iphoneos;
				SWIFT_ACTIVE_COMPILATION_CONDITIONS = DEBUG;
				SWIFT_OPTIMIZATION_LEVEL = "-Onone";
			};
			name = Debug;
		};
		89BCED0B2732A5A40053E497 /* Release */ = {
			isa = XCBuildConfiguration;
			buildSettings = {
				ALWAYS_SEARCH_USER_PATHS = NO;
				CLANG_ANALYZER_NONNULL = YES;
				CLANG_ANALYZER_NUMBER_OBJECT_CONVERSION = YES_AGGRESSIVE;
				CLANG_CXX_LANGUAGE_STANDARD = "gnu++17";
				CLANG_CXX_LIBRARY = "libc++";
				CLANG_ENABLE_MODULES = YES;
				CLANG_ENABLE_OBJC_ARC = YES;
				CLANG_ENABLE_OBJC_WEAK = YES;
				CLANG_WARN_BLOCK_CAPTURE_AUTORELEASING = YES;
				CLANG_WARN_BOOL_CONVERSION = YES;
				CLANG_WARN_COMMA = YES;
				CLANG_WARN_CONSTANT_CONVERSION = YES;
				CLANG_WARN_DEPRECATED_OBJC_IMPLEMENTATIONS = YES;
				CLANG_WARN_DIRECT_OBJC_ISA_USAGE = YES_ERROR;
				CLANG_WARN_DOCUMENTATION_COMMENTS = YES;
				CLANG_WARN_EMPTY_BODY = YES;
				CLANG_WARN_ENUM_CONVERSION = YES;
				CLANG_WARN_INFINITE_RECURSION = YES;
				CLANG_WARN_INT_CONVERSION = YES;
				CLANG_WARN_NON_LITERAL_NULL_CONVERSION = YES;
				CLANG_WARN_OBJC_IMPLICIT_RETAIN_SELF = YES;
				CLANG_WARN_OBJC_LITERAL_CONVERSION = YES;
				CLANG_WARN_OBJC_ROOT_CLASS = YES_ERROR;
				CLANG_WARN_QUOTED_INCLUDE_IN_FRAMEWORK_HEADER = YES;
				CLANG_WARN_RANGE_LOOP_ANALYSIS = YES;
				CLANG_WARN_STRICT_PROTOTYPES = YES;
				CLANG_WARN_SUSPICIOUS_MOVE = YES;
				CLANG_WARN_UNGUARDED_AVAILABILITY = YES_AGGRESSIVE;
				CLANG_WARN_UNREACHABLE_CODE = YES;
				CLANG_WARN__DUPLICATE_METHOD_MATCH = YES;
				COPY_PHASE_STRIP = NO;
				DEBUG_INFORMATION_FORMAT = "dwarf-with-dsym";
				ENABLE_NS_ASSERTIONS = NO;
				ENABLE_STRICT_OBJC_MSGSEND = YES;
				GCC_C_LANGUAGE_STANDARD = gnu11;
				GCC_NO_COMMON_BLOCKS = YES;
				GCC_WARN_64_TO_32_BIT_CONVERSION = YES;
				GCC_WARN_ABOUT_RETURN_TYPE = YES_ERROR;
				GCC_WARN_UNDECLARED_SELECTOR = YES;
				GCC_WARN_UNINITIALIZED_AUTOS = YES_AGGRESSIVE;
				GCC_WARN_UNUSED_FUNCTION = YES;
				GCC_WARN_UNUSED_VARIABLE = YES;
				IPHONEOS_DEPLOYMENT_TARGET = 15.0;
				MTL_ENABLE_DEBUG_INFO = NO;
				MTL_FAST_MATH = YES;
				SDKROOT = iphoneos;
				SWIFT_COMPILATION_MODE = wholemodule;
				SWIFT_OPTIMIZATION_LEVEL = "-O";
				VALIDATE_PRODUCT = YES;
			};
			name = Release;
		};
		89BCED0D2732A5A40053E497 /* Debug */ = {
			isa = XCBuildConfiguration;
			buildSettings = {
				ASSETCATALOG_COMPILER_APPICON_NAME = AppIcon;
				ASSETCATALOG_COMPILER_GLOBAL_ACCENT_COLOR_NAME = AccentColor;
				CODE_SIGN_STYLE = Automatic;
				CURRENT_PROJECT_VERSION = 1;
				DEVELOPMENT_ASSET_PATHS = "\"EmojiArt/Preview Content\"";
				DEVELOPMENT_TEAM = 4AZ42S98X5;
				ENABLE_PREVIEWS = YES;
				GENERATE_INFOPLIST_FILE = YES;
				INFOPLIST_KEY_UIApplicationSceneManifest_Generation = YES;
				INFOPLIST_KEY_UIApplicationSupportsIndirectInputEvents = YES;
				INFOPLIST_KEY_UILaunchScreen_Generation = YES;
				INFOPLIST_KEY_UISupportedInterfaceOrientations_iPad = "UIInterfaceOrientationPortrait UIInterfaceOrientationPortraitUpsideDown UIInterfaceOrientationLandscapeLeft UIInterfaceOrientationLandscapeRight";
				INFOPLIST_KEY_UISupportedInterfaceOrientations_iPhone = "UIInterfaceOrientationPortrait UIInterfaceOrientationLandscapeLeft UIInterfaceOrientationLandscapeRight";
				LD_RUNPATH_SEARCH_PATHS = (
					"$(inherited)",
					"@executable_path/Frameworks",
				);
				MARKETING_VERSION = 1.0;
				PRODUCT_BUNDLE_IDENTIFIER = "Volodymyr-Seredovych.EmojiArt";
				PRODUCT_NAME = "$(TARGET_NAME)";
				SWIFT_EMIT_LOC_STRINGS = YES;
				SWIFT_VERSION = 5.0;
				TARGETED_DEVICE_FAMILY = "1,2";
			};
			name = Debug;
		};
		89BCED0E2732A5A40053E497 /* Release */ = {
			isa = XCBuildConfiguration;
			buildSettings = {
				ASSETCATALOG_COMPILER_APPICON_NAME = AppIcon;
				ASSETCATALOG_COMPILER_GLOBAL_ACCENT_COLOR_NAME = AccentColor;
				CODE_SIGN_STYLE = Automatic;
				CURRENT_PROJECT_VERSION = 1;
				DEVELOPMENT_ASSET_PATHS = "\"EmojiArt/Preview Content\"";
				DEVELOPMENT_TEAM = 4AZ42S98X5;
				ENABLE_PREVIEWS = YES;
				GENERATE_INFOPLIST_FILE = YES;
				INFOPLIST_KEY_UIApplicationSceneManifest_Generation = YES;
				INFOPLIST_KEY_UIApplicationSupportsIndirectInputEvents = YES;
				INFOPLIST_KEY_UILaunchScreen_Generation = YES;
				INFOPLIST_KEY_UISupportedInterfaceOrientations_iPad = "UIInterfaceOrientationPortrait UIInterfaceOrientationPortraitUpsideDown UIInterfaceOrientationLandscapeLeft UIInterfaceOrientationLandscapeRight";
				INFOPLIST_KEY_UISupportedInterfaceOrientations_iPhone = "UIInterfaceOrientationPortrait UIInterfaceOrientationLandscapeLeft UIInterfaceOrientationLandscapeRight";
				LD_RUNPATH_SEARCH_PATHS = (
					"$(inherited)",
					"@executable_path/Frameworks",
				);
				MARKETING_VERSION = 1.0;
				PRODUCT_BUNDLE_IDENTIFIER = "Volodymyr-Seredovych.EmojiArt";
				PRODUCT_NAME = "$(TARGET_NAME)";
				SWIFT_EMIT_LOC_STRINGS = YES;
				SWIFT_VERSION = 5.0;
				TARGETED_DEVICE_FAMILY = "1,2";
			};
			name = Release;
		};
/* End XCBuildConfiguration section */

/* Begin XCConfigurationList section */
		89BCECF92732A5A30053E497 /* Build configuration list for PBXProject "EmojiArt" */ = {
			isa = XCConfigurationList;
			buildConfigurations = (
				89BCED0A2732A5A40053E497 /* Debug */,
				89BCED0B2732A5A40053E497 /* Release */,
			);
			defaultConfigurationIsVisible = 0;
			defaultConfigurationName = Release;
		};
		89BCED0C2732A5A40053E497 /* Build configuration list for PBXNativeTarget "EmojiArt" */ = {
			isa = XCConfigurationList;
			buildConfigurations = (
				89BCED0D2732A5A40053E497 /* Debug */,
				89BCED0E2732A5A40053E497 /* Release */,
			);
			defaultConfigurationIsVisible = 0;
			defaultConfigurationName = Release;
		};
/* End XCConfigurationList section */
	};
	rootObject = 89BCECF62732A5A30053E497 /* Project object */;
}
